// !$*UTF8*$!
{
	archiveVersion = 1;
	classes = {
	};
	objectVersion = 46;
	objects = {

/* Begin PBXBuildFile section */
		2782106EC79442E42EDF5D15 /* Pods_CaraTests.framework in Frameworks */ = {isa = PBXBuildFile; fileRef = 8FA93626D4E354AD5FEB816F /* Pods_CaraTests.framework */; };
		6CE8D09C111C0F6EE1F63E98 /* Pods_Cara.framework in Frameworks */ = {isa = PBXBuildFile; fileRef = 155F3FD75A16FC9DA0F6137F /* Pods_Cara.framework */; };
		ACBEC32D98424F1951132759 /* Pods_CaraUITests.framework in Frameworks */ = {isa = PBXBuildFile; fileRef = 287124C98DAAA5B3717D7A66 /* Pods_CaraUITests.framework */; };
		DE6AE0641DFEE720000A7023 /* AppDelegate.swift in Sources */ = {isa = PBXBuildFile; fileRef = DE6AE0631DFEE720000A7023 /* AppDelegate.swift */; };
		DE6AE0661DFEE720000A7023 /* ViewController.swift in Sources */ = {isa = PBXBuildFile; fileRef = DE6AE0651DFEE720000A7023 /* ViewController.swift */; };
		DE6AE0691DFEE720000A7023 /* Main.storyboard in Resources */ = {isa = PBXBuildFile; fileRef = DE6AE0671DFEE720000A7023 /* Main.storyboard */; };
		DE6AE06B1DFEE720000A7023 /* Assets.xcassets in Resources */ = {isa = PBXBuildFile; fileRef = DE6AE06A1DFEE720000A7023 /* Assets.xcassets */; };
		DE6AE06E1DFEE720000A7023 /* LaunchScreen.storyboard in Resources */ = {isa = PBXBuildFile; fileRef = DE6AE06C1DFEE720000A7023 /* LaunchScreen.storyboard */; };
		DE6AE0791DFEE720000A7023 /* CaraTests.swift in Sources */ = {isa = PBXBuildFile; fileRef = DE6AE0781DFEE720000A7023 /* CaraTests.swift */; };
		DE6AE0841DFEE720000A7023 /* CaraUITests.swift in Sources */ = {isa = PBXBuildFile; fileRef = DE6AE0831DFEE720000A7023 /* CaraUITests.swift */; };
		DE6AE0931DFEFAD2000A7023 /* UserPickerView.xib in Resources */ = {isa = PBXBuildFile; fileRef = DE6AE0921DFEFAD2000A7023 /* UserPickerView.xib */; };
		DE6AE0961DFEFAF3000A7023 /* UserPicker.swift in Sources */ = {isa = PBXBuildFile; fileRef = DE6AE0951DFEFAF3000A7023 /* UserPicker.swift */; };
		DE6AE0981DFEFAFF000A7023 /* BaseController.swift in Sources */ = {isa = PBXBuildFile; fileRef = DE6AE0971DFEFAFF000A7023 /* BaseController.swift */; };
		DE6AE09A1DFF0AF4000A7023 /* Customer.swift in Sources */ = {isa = PBXBuildFile; fileRef = DE6AE0991DFF0AF4000A7023 /* Customer.swift */; };
		DE6AE09C1DFF0B1F000A7023 /* Driver.swift in Sources */ = {isa = PBXBuildFile; fileRef = DE6AE09B1DFF0B1F000A7023 /* Driver.swift */; };
		DE6AE09E1DFF0B3A000A7023 /* CustomerView.xib in Resources */ = {isa = PBXBuildFile; fileRef = DE6AE09D1DFF0B3A000A7023 /* CustomerView.xib */; };
		DE6AE0A11DFF2194000A7023 /* APIService.swift in Sources */ = {isa = PBXBuildFile; fileRef = DE6AE0A01DFF2194000A7023 /* APIService.swift */; };
/* End PBXBuildFile section */

/* Begin PBXContainerItemProxy section */
		DE6AE0751DFEE720000A7023 /* PBXContainerItemProxy */ = {
			isa = PBXContainerItemProxy;
			containerPortal = DE6AE0581DFEE720000A7023 /* Project object */;
			proxyType = 1;
			remoteGlobalIDString = DE6AE05F1DFEE720000A7023;
			remoteInfo = Cara;
		};
		DE6AE0801DFEE720000A7023 /* PBXContainerItemProxy */ = {
			isa = PBXContainerItemProxy;
			containerPortal = DE6AE0581DFEE720000A7023 /* Project object */;
			proxyType = 1;
			remoteGlobalIDString = DE6AE05F1DFEE720000A7023;
			remoteInfo = Cara;
		};
/* End PBXContainerItemProxy section */

/* Begin PBXFileReference section */
		02E26C81F3CC414C8A8FD5E7 /* Pods-CaraTests.release.xcconfig */ = {isa = PBXFileReference; includeInIndex = 1; lastKnownFileType = text.xcconfig; name = "Pods-CaraTests.release.xcconfig"; path = "Pods/Target Support Files/Pods-CaraTests/Pods-CaraTests.release.xcconfig"; sourceTree = "<group>"; };
		155F3FD75A16FC9DA0F6137F /* Pods_Cara.framework */ = {isa = PBXFileReference; explicitFileType = wrapper.framework; includeInIndex = 0; path = Pods_Cara.framework; sourceTree = BUILT_PRODUCTS_DIR; };
		18A17C01335F2D175B3BA905 /* Pods-CaraTests.debug.xcconfig */ = {isa = PBXFileReference; includeInIndex = 1; lastKnownFileType = text.xcconfig; name = "Pods-CaraTests.debug.xcconfig"; path = "Pods/Target Support Files/Pods-CaraTests/Pods-CaraTests.debug.xcconfig"; sourceTree = "<group>"; };
		23E339BB1CB619643A37BBCE /* Pods-CaraUITests.release.xcconfig */ = {isa = PBXFileReference; includeInIndex = 1; lastKnownFileType = text.xcconfig; name = "Pods-CaraUITests.release.xcconfig"; path = "Pods/Target Support Files/Pods-CaraUITests/Pods-CaraUITests.release.xcconfig"; sourceTree = "<group>"; };
		287124C98DAAA5B3717D7A66 /* Pods_CaraUITests.framework */ = {isa = PBXFileReference; explicitFileType = wrapper.framework; includeInIndex = 0; path = Pods_CaraUITests.framework; sourceTree = BUILT_PRODUCTS_DIR; };
		8769B9526921A79F9A33B36D /* Pods-Cara.release.xcconfig */ = {isa = PBXFileReference; includeInIndex = 1; lastKnownFileType = text.xcconfig; name = "Pods-Cara.release.xcconfig"; path = "Pods/Target Support Files/Pods-Cara/Pods-Cara.release.xcconfig"; sourceTree = "<group>"; };
		8869AC72DACA58944F2EEA3C /* Pods-CaraUITests.debug.xcconfig */ = {isa = PBXFileReference; includeInIndex = 1; lastKnownFileType = text.xcconfig; name = "Pods-CaraUITests.debug.xcconfig"; path = "Pods/Target Support Files/Pods-CaraUITests/Pods-CaraUITests.debug.xcconfig"; sourceTree = "<group>"; };
		8FA93626D4E354AD5FEB816F /* Pods_CaraTests.framework */ = {isa = PBXFileReference; explicitFileType = wrapper.framework; includeInIndex = 0; path = Pods_CaraTests.framework; sourceTree = BUILT_PRODUCTS_DIR; };
		A00EB8CC2CD4B131A882E6E9 /* Pods-Cara.debug.xcconfig */ = {isa = PBXFileReference; includeInIndex = 1; lastKnownFileType = text.xcconfig; name = "Pods-Cara.debug.xcconfig"; path = "Pods/Target Support Files/Pods-Cara/Pods-Cara.debug.xcconfig"; sourceTree = "<group>"; };
		DE6AE0601DFEE720000A7023 /* Cara.app */ = {isa = PBXFileReference; explicitFileType = wrapper.application; includeInIndex = 0; path = Cara.app; sourceTree = BUILT_PRODUCTS_DIR; };
		DE6AE0631DFEE720000A7023 /* AppDelegate.swift */ = {isa = PBXFileReference; lastKnownFileType = sourcecode.swift; path = AppDelegate.swift; sourceTree = "<group>"; };
		DE6AE0651DFEE720000A7023 /* ViewController.swift */ = {isa = PBXFileReference; lastKnownFileType = sourcecode.swift; path = ViewController.swift; sourceTree = "<group>"; };
		DE6AE0681DFEE720000A7023 /* Base */ = {isa = PBXFileReference; lastKnownFileType = file.storyboard; name = Base; path = Base.lproj/Main.storyboard; sourceTree = "<group>"; };
		DE6AE06A1DFEE720000A7023 /* Assets.xcassets */ = {isa = PBXFileReference; lastKnownFileType = folder.assetcatalog; path = Assets.xcassets; sourceTree = "<group>"; };
		DE6AE06D1DFEE720000A7023 /* Base */ = {isa = PBXFileReference; lastKnownFileType = file.storyboard; name = Base; path = Base.lproj/LaunchScreen.storyboard; sourceTree = "<group>"; };
		DE6AE06F1DFEE720000A7023 /* Info.plist */ = {isa = PBXFileReference; lastKnownFileType = text.plist.xml; path = Info.plist; sourceTree = "<group>"; };
		DE6AE0741DFEE720000A7023 /* CaraTests.xctest */ = {isa = PBXFileReference; explicitFileType = wrapper.cfbundle; includeInIndex = 0; path = CaraTests.xctest; sourceTree = BUILT_PRODUCTS_DIR; };
		DE6AE0781DFEE720000A7023 /* CaraTests.swift */ = {isa = PBXFileReference; lastKnownFileType = sourcecode.swift; path = CaraTests.swift; sourceTree = "<group>"; };
		DE6AE07A1DFEE720000A7023 /* Info.plist */ = {isa = PBXFileReference; lastKnownFileType = text.plist.xml; path = Info.plist; sourceTree = "<group>"; };
		DE6AE07F1DFEE720000A7023 /* CaraUITests.xctest */ = {isa = PBXFileReference; explicitFileType = wrapper.cfbundle; includeInIndex = 0; path = CaraUITests.xctest; sourceTree = BUILT_PRODUCTS_DIR; };
		DE6AE0831DFEE720000A7023 /* CaraUITests.swift */ = {isa = PBXFileReference; lastKnownFileType = sourcecode.swift; path = CaraUITests.swift; sourceTree = "<group>"; };
		DE6AE0851DFEE720000A7023 /* Info.plist */ = {isa = PBXFileReference; lastKnownFileType = text.plist.xml; path = Info.plist; sourceTree = "<group>"; };
		DE6AE0921DFEFAD2000A7023 /* UserPickerView.xib */ = {isa = PBXFileReference; fileEncoding = 4; lastKnownFileType = file.xib; path = UserPickerView.xib; sourceTree = "<group>"; };
		DE6AE0951DFEFAF3000A7023 /* UserPicker.swift */ = {isa = PBXFileReference; fileEncoding = 4; lastKnownFileType = sourcecode.swift; path = UserPicker.swift; sourceTree = "<group>"; };
		DE6AE0971DFEFAFF000A7023 /* BaseController.swift */ = {isa = PBXFileReference; fileEncoding = 4; lastKnownFileType = sourcecode.swift; path = BaseController.swift; sourceTree = "<group>"; };
		DE6AE0991DFF0AF4000A7023 /* Customer.swift */ = {isa = PBXFileReference; fileEncoding = 4; lastKnownFileType = sourcecode.swift; path = Customer.swift; sourceTree = "<group>"; };
		DE6AE09B1DFF0B1F000A7023 /* Driver.swift */ = {isa = PBXFileReference; fileEncoding = 4; lastKnownFileType = sourcecode.swift; path = Driver.swift; sourceTree = "<group>"; };
		DE6AE09D1DFF0B3A000A7023 /* CustomerView.xib */ = {isa = PBXFileReference; fileEncoding = 4; lastKnownFileType = file.xib; path = CustomerView.xib; sourceTree = "<group>"; };
		DE6AE0A01DFF2194000A7023 /* APIService.swift */ = {isa = PBXFileReference; fileEncoding = 4; lastKnownFileType = sourcecode.swift; path = APIService.swift; sourceTree = "<group>"; };
/* End PBXFileReference section */

/* Begin PBXFrameworksBuildPhase section */
		DE6AE05D1DFEE720000A7023 /* Frameworks */ = {
			isa = PBXFrameworksBuildPhase;
			buildActionMask = 2147483647;
			files = (
				6CE8D09C111C0F6EE1F63E98 /* Pods_Cara.framework in Frameworks */,
			);
			runOnlyForDeploymentPostprocessing = 0;
		};
		DE6AE0711DFEE720000A7023 /* Frameworks */ = {
			isa = PBXFrameworksBuildPhase;
			buildActionMask = 2147483647;
			files = (
				2782106EC79442E42EDF5D15 /* Pods_CaraTests.framework in Frameworks */,
			);
			runOnlyForDeploymentPostprocessing = 0;
		};
		DE6AE07C1DFEE720000A7023 /* Frameworks */ = {
			isa = PBXFrameworksBuildPhase;
			buildActionMask = 2147483647;
			files = (
				ACBEC32D98424F1951132759 /* Pods_CaraUITests.framework in Frameworks */,
			);
			runOnlyForDeploymentPostprocessing = 0;
		};
/* End PBXFrameworksBuildPhase section */

/* Begin PBXGroup section */
		DE6AE0571DFEE720000A7023 = {
			isa = PBXGroup;
			children = (
				DE6AE0621DFEE720000A7023 /* Cara */,
				DE6AE0771DFEE720000A7023 /* CaraTests */,
				DE6AE0821DFEE720000A7023 /* CaraUITests */,
				DE6AE0611DFEE720000A7023 /* Products */,
				FD311956D702334BE6B15705 /* Pods */,
				EB7C8473D6EF4488F7F6209A /* Frameworks */,
			);
			sourceTree = "<group>";
		};
		DE6AE0611DFEE720000A7023 /* Products */ = {
			isa = PBXGroup;
			children = (
				DE6AE0601DFEE720000A7023 /* Cara.app */,
				DE6AE0741DFEE720000A7023 /* CaraTests.xctest */,
				DE6AE07F1DFEE720000A7023 /* CaraUITests.xctest */,
			);
			name = Products;
			sourceTree = "<group>";
		};
		DE6AE0621DFEE720000A7023 /* Cara */ = {
			isa = PBXGroup;
			children = (
				DE6AE0A21DFF2AEF000A7023 /* model */,
				DE6AE09F1DFF2185000A7023 /* network */,
				DE6AE0941DFEFADB000A7023 /* controllers */,
				DE6AE0911DFEFAAC000A7023 /* views */,
				DE6AE0631DFEE720000A7023 /* AppDelegate.swift */,
				DE6AE0651DFEE720000A7023 /* ViewController.swift */,
				DE6AE0671DFEE720000A7023 /* Main.storyboard */,
				DE6AE06A1DFEE720000A7023 /* Assets.xcassets */,
				DE6AE06C1DFEE720000A7023 /* LaunchScreen.storyboard */,
				DE6AE06F1DFEE720000A7023 /* Info.plist */,
			);
			path = Cara;
			sourceTree = "<group>";
		};
		DE6AE0771DFEE720000A7023 /* CaraTests */ = {
			isa = PBXGroup;
			children = (
				DE6AE0781DFEE720000A7023 /* CaraTests.swift */,
				DE6AE07A1DFEE720000A7023 /* Info.plist */,
			);
			path = CaraTests;
			sourceTree = "<group>";
		};
		DE6AE0821DFEE720000A7023 /* CaraUITests */ = {
			isa = PBXGroup;
			children = (
				DE6AE0831DFEE720000A7023 /* CaraUITests.swift */,
				DE6AE0851DFEE720000A7023 /* Info.plist */,
			);
			path = CaraUITests;
			sourceTree = "<group>";
		};
		DE6AE0911DFEFAAC000A7023 /* views */ = {
			isa = PBXGroup;
			children = (
				DE6AE0921DFEFAD2000A7023 /* UserPickerView.xib */,
				DE6AE09D1DFF0B3A000A7023 /* CustomerView.xib */,
			);
			name = views;
			sourceTree = "<group>";
		};
		DE6AE0941DFEFADB000A7023 /* controllers */ = {
			isa = PBXGroup;
			children = (
				DE6AE0951DFEFAF3000A7023 /* UserPicker.swift */,
				DE6AE0971DFEFAFF000A7023 /* BaseController.swift */,
				DE6AE0991DFF0AF4000A7023 /* Customer.swift */,
				DE6AE09B1DFF0B1F000A7023 /* Driver.swift */,
			);
			name = controllers;
			sourceTree = "<group>";
		};
		DE6AE09F1DFF2185000A7023 /* network */ = {
			isa = PBXGroup;
			children = (
				DE6AE0A01DFF2194000A7023 /* APIService.swift */,
			);
			name = network;
			sourceTree = "<group>";
		};
		DE6AE0A21DFF2AEF000A7023 /* model */ = {
			isa = PBXGroup;
			children = (
			);
			name = model;
			sourceTree = "<group>";
		};
		EB7C8473D6EF4488F7F6209A /* Frameworks */ = {
			isa = PBXGroup;
			children = (
				155F3FD75A16FC9DA0F6137F /* Pods_Cara.framework */,
				8FA93626D4E354AD5FEB816F /* Pods_CaraTests.framework */,
				287124C98DAAA5B3717D7A66 /* Pods_CaraUITests.framework */,
			);
			name = Frameworks;
			sourceTree = "<group>";
		};
		FD311956D702334BE6B15705 /* Pods */ = {
			isa = PBXGroup;
			children = (
				A00EB8CC2CD4B131A882E6E9 /* Pods-Cara.debug.xcconfig */,
				8769B9526921A79F9A33B36D /* Pods-Cara.release.xcconfig */,
				18A17C01335F2D175B3BA905 /* Pods-CaraTests.debug.xcconfig */,
				02E26C81F3CC414C8A8FD5E7 /* Pods-CaraTests.release.xcconfig */,
				8869AC72DACA58944F2EEA3C /* Pods-CaraUITests.debug.xcconfig */,
				23E339BB1CB619643A37BBCE /* Pods-CaraUITests.release.xcconfig */,
			);
			name = Pods;
			sourceTree = "<group>";
		};
/* End PBXGroup section */

/* Begin PBXNativeTarget section */
		DE6AE05F1DFEE720000A7023 /* Cara */ = {
			isa = PBXNativeTarget;
			buildConfigurationList = DE6AE0881DFEE720000A7023 /* Build configuration list for PBXNativeTarget "Cara" */;
			buildPhases = (
				5A7B0E34130D392B03CEB08C /* [CP] Check Pods Manifest.lock */,
				DE6AE05C1DFEE720000A7023 /* Sources */,
				DE6AE05D1DFEE720000A7023 /* Frameworks */,
				DE6AE05E1DFEE720000A7023 /* Resources */,
				C1A01E94977AEDBC3A123C99 /* [CP] Embed Pods Frameworks */,
				FF5B214C47029C1A14A4F594 /* [CP] Copy Pods Resources */,
			);
			buildRules = (
			);
			dependencies = (
			);
			name = Cara;
			productName = Cara;
			productReference = DE6AE0601DFEE720000A7023 /* Cara.app */;
			productType = "com.apple.product-type.application";
		};
		DE6AE0731DFEE720000A7023 /* CaraTests */ = {
			isa = PBXNativeTarget;
			buildConfigurationList = DE6AE08B1DFEE720000A7023 /* Build configuration list for PBXNativeTarget "CaraTests" */;
			buildPhases = (
				0A96A4F775952E8639BC2DE8 /* [CP] Check Pods Manifest.lock */,
				DE6AE0701DFEE720000A7023 /* Sources */,
				DE6AE0711DFEE720000A7023 /* Frameworks */,
				DE6AE0721DFEE720000A7023 /* Resources */,
				317A40D834CB370D94847C16 /* [CP] Embed Pods Frameworks */,
				F8DD7ECDD9BF6BBEA8561977 /* [CP] Copy Pods Resources */,
			);
			buildRules = (
			);
			dependencies = (
				DE6AE0761DFEE720000A7023 /* PBXTargetDependency */,
			);
			name = CaraTests;
			productName = CaraTests;
			productReference = DE6AE0741DFEE720000A7023 /* CaraTests.xctest */;
			productType = "com.apple.product-type.bundle.unit-test";
		};
		DE6AE07E1DFEE720000A7023 /* CaraUITests */ = {
			isa = PBXNativeTarget;
			buildConfigurationList = DE6AE08E1DFEE720000A7023 /* Build configuration list for PBXNativeTarget "CaraUITests" */;
			buildPhases = (
				7EEF7418536CF24BEFB72088 /* [CP] Check Pods Manifest.lock */,
				DE6AE07B1DFEE720000A7023 /* Sources */,
				DE6AE07C1DFEE720000A7023 /* Frameworks */,
				DE6AE07D1DFEE720000A7023 /* Resources */,
				6846B9E7782A9518844AD1CE /* [CP] Embed Pods Frameworks */,
				7CEE1C37C085956C1A31260D /* [CP] Copy Pods Resources */,
			);
			buildRules = (
			);
			dependencies = (
				DE6AE0811DFEE720000A7023 /* PBXTargetDependency */,
			);
			name = CaraUITests;
			productName = CaraUITests;
			productReference = DE6AE07F1DFEE720000A7023 /* CaraUITests.xctest */;
			productType = "com.apple.product-type.bundle.ui-testing";
		};
/* End PBXNativeTarget section */

/* Begin PBXProject section */
		DE6AE0581DFEE720000A7023 /* Project object */ = {
			isa = PBXProject;
			attributes = {
				LastSwiftUpdateCheck = 0810;
				LastUpgradeCheck = 0810;
				ORGANIZATIONNAME = NexttApps;
				TargetAttributes = {
					DE6AE05F1DFEE720000A7023 = {
						CreatedOnToolsVersion = 8.1;
						DevelopmentTeam = KX5J3L9QPD;
						ProvisioningStyle = Automatic;
					};
					DE6AE0731DFEE720000A7023 = {
						CreatedOnToolsVersion = 8.1;
						DevelopmentTeam = KX5J3L9QPD;
						ProvisioningStyle = Automatic;
						TestTargetID = DE6AE05F1DFEE720000A7023;
					};
					DE6AE07E1DFEE720000A7023 = {
						CreatedOnToolsVersion = 8.1;
						DevelopmentTeam = KX5J3L9QPD;
						ProvisioningStyle = Automatic;
						TestTargetID = DE6AE05F1DFEE720000A7023;
					};
				};
			};
			buildConfigurationList = DE6AE05B1DFEE720000A7023 /* Build configuration list for PBXProject "Cara" */;
			compatibilityVersion = "Xcode 3.2";
			developmentRegion = English;
			hasScannedForEncodings = 0;
			knownRegions = (
				en,
				Base,
			);
			mainGroup = DE6AE0571DFEE720000A7023;
			productRefGroup = DE6AE0611DFEE720000A7023 /* Products */;
			projectDirPath = "";
			projectRoot = "";
			targets = (
				DE6AE05F1DFEE720000A7023 /* Cara */,
				DE6AE0731DFEE720000A7023 /* CaraTests */,
				DE6AE07E1DFEE720000A7023 /* CaraUITests */,
			);
		};
/* End PBXProject section */

/* Begin PBXResourcesBuildPhase section */
		DE6AE05E1DFEE720000A7023 /* Resources */ = {
			isa = PBXResourcesBuildPhase;
			buildActionMask = 2147483647;
			files = (
				DE6AE06E1DFEE720000A7023 /* LaunchScreen.storyboard in Resources */,
				DE6AE09E1DFF0B3A000A7023 /* CustomerView.xib in Resources */,
				DE6AE06B1DFEE720000A7023 /* Assets.xcassets in Resources */,
				DE6AE0691DFEE720000A7023 /* Main.storyboard in Resources */,
				DE6AE0931DFEFAD2000A7023 /* UserPickerView.xib in Resources */,
			);
			runOnlyForDeploymentPostprocessing = 0;
		};
		DE6AE0721DFEE720000A7023 /* Resources */ = {
			isa = PBXResourcesBuildPhase;
			buildActionMask = 2147483647;
			files = (
			);
			runOnlyForDeploymentPostprocessing = 0;
		};
		DE6AE07D1DFEE720000A7023 /* Resources */ = {
			isa = PBXResourcesBuildPhase;
			buildActionMask = 2147483647;
			files = (
			);
			runOnlyForDeploymentPostprocessing = 0;
		};
/* End PBXResourcesBuildPhase section */

/* Begin PBXShellScriptBuildPhase section */
		0A96A4F775952E8639BC2DE8 /* [CP] Check Pods Manifest.lock */ = {
			isa = PBXShellScriptBuildPhase;
			buildActionMask = 2147483647;
			files = (
			);
			inputPaths = (
			);
			name = "[CP] Check Pods Manifest.lock";
			outputPaths = (
			);
			runOnlyForDeploymentPostprocessing = 0;
			shellPath = /bin/sh;
			shellScript = "diff \"${PODS_ROOT}/../Podfile.lock\" \"${PODS_ROOT}/Manifest.lock\" > /dev/null\nif [ $? != 0 ] ; then\n    # print error to STDERR\n    echo \"error: The sandbox is not in sync with the Podfile.lock. Run 'pod install' or update your CocoaPods installation.\" >&2\n    exit 1\nfi\n";
			showEnvVarsInLog = 0;
		};
		317A40D834CB370D94847C16 /* [CP] Embed Pods Frameworks */ = {
			isa = PBXShellScriptBuildPhase;
			buildActionMask = 2147483647;
			files = (
			);
			inputPaths = (
			);
			name = "[CP] Embed Pods Frameworks";
			outputPaths = (
			);
			runOnlyForDeploymentPostprocessing = 0;
			shellPath = /bin/sh;
			shellScript = "\"${SRCROOT}/Pods/Target Support Files/Pods-CaraTests/Pods-CaraTests-frameworks.sh\"\n";
			showEnvVarsInLog = 0;
		};
		5A7B0E34130D392B03CEB08C /* [CP] Check Pods Manifest.lock */ = {
			isa = PBXShellScriptBuildPhase;
			buildActionMask = 2147483647;
			files = (
			);
			inputPaths = (
			);
			name = "[CP] Check Pods Manifest.lock";
			outputPaths = (
			);
			runOnlyForDeploymentPostprocessing = 0;
			shellPath = /bin/sh;
			shellScript = "diff \"${PODS_ROOT}/../Podfile.lock\" \"${PODS_ROOT}/Manifest.lock\" > /dev/null\nif [ $? != 0 ] ; then\n    # print error to STDERR\n    echo \"error: The sandbox is not in sync with the Podfile.lock. Run 'pod install' or update your CocoaPods installation.\" >&2\n    exit 1\nfi\n";
			showEnvVarsInLog = 0;
		};
		6846B9E7782A9518844AD1CE /* [CP] Embed Pods Frameworks */ = {
			isa = PBXShellScriptBuildPhase;
			buildActionMask = 2147483647;
			files = (
			);
			inputPaths = (
			);
			name = "[CP] Embed Pods Frameworks";
			outputPaths = (
			);
			runOnlyForDeploymentPostprocessing = 0;
			shellPath = /bin/sh;
			shellScript = "\"${SRCROOT}/Pods/Target Support Files/Pods-CaraUITests/Pods-CaraUITests-frameworks.sh\"\n";
			showEnvVarsInLog = 0;
		};
		7CEE1C37C085956C1A31260D /* [CP] Copy Pods Resources */ = {
			isa = PBXShellScriptBuildPhase;
			buildActionMask = 2147483647;
			files = (
			);
			inputPaths = (
			);
			name = "[CP] Copy Pods Resources";
			outputPaths = (
			);
			runOnlyForDeploymentPostprocessing = 0;
			shellPath = /bin/sh;
			shellScript = "\"${SRCROOT}/Pods/Target Support Files/Pods-CaraUITests/Pods-CaraUITests-resources.sh\"\n";
			showEnvVarsInLog = 0;
		};
		7EEF7418536CF24BEFB72088 /* [CP] Check Pods Manifest.lock */ = {
			isa = PBXShellScriptBuildPhase;
			buildActionMask = 2147483647;
			files = (
			);
			inputPaths = (
			);
			name = "[CP] Check Pods Manifest.lock";
			outputPaths = (
			);
			runOnlyForDeploymentPostprocessing = 0;
			shellPath = /bin/sh;
			shellScript = "diff \"${PODS_ROOT}/../Podfile.lock\" \"${PODS_ROOT}/Manifest.lock\" > /dev/null\nif [ $? != 0 ] ; then\n    # print error to STDERR\n    echo \"error: The sandbox is not in sync with the Podfile.lock. Run 'pod install' or update your CocoaPods installation.\" >&2\n    exit 1\nfi\n";
			showEnvVarsInLog = 0;
		};
		C1A01E94977AEDBC3A123C99 /* [CP] Embed Pods Frameworks */ = {
			isa = PBXShellScriptBuildPhase;
			buildActionMask = 2147483647;
			files = (
			);
			inputPaths = (
			);
			name = "[CP] Embed Pods Frameworks";
			outputPaths = (
			);
			runOnlyForDeploymentPostprocessing = 0;
			shellPath = /bin/sh;
			shellScript = "\"${SRCROOT}/Pods/Target Support Files/Pods-Cara/Pods-Cara-frameworks.sh\"\n";
			showEnvVarsInLog = 0;
		};
		F8DD7ECDD9BF6BBEA8561977 /* [CP] Copy Pods Resources */ = {
			isa = PBXShellScriptBuildPhase;
			buildActionMask = 2147483647;
			files = (
			);
			inputPaths = (
			);
			name = "[CP] Copy Pods Resources";
			outputPaths = (
			);
			runOnlyForDeploymentPostprocessing = 0;
			shellPath = /bin/sh;
			shellScript = "\"${SRCROOT}/Pods/Target Support Files/Pods-CaraTests/Pods-CaraTests-resources.sh\"\n";
			showEnvVarsInLog = 0;
		};
		FF5B214C47029C1A14A4F594 /* [CP] Copy Pods Resources */ = {
			isa = PBXShellScriptBuildPhase;
			buildActionMask = 2147483647;
			files = (
			);
			inputPaths = (
			);
			name = "[CP] Copy Pods Resources";
			outputPaths = (
			);
			runOnlyForDeploymentPostprocessing = 0;
			shellPath = /bin/sh;
			shellScript = "\"${SRCROOT}/Pods/Target Support Files/Pods-Cara/Pods-Cara-resources.sh\"\n";
			showEnvVarsInLog = 0;
		};
/* End PBXShellScriptBuildPhase section */

/* Begin PBXSourcesBuildPhase section */
		DE6AE05C1DFEE720000A7023 /* Sources */ = {
			isa = PBXSourcesBuildPhase;
			buildActionMask = 2147483647;
			files = (
				DE6AE0961DFEFAF3000A7023 /* UserPicker.swift in Sources */,
				DE6AE0A11DFF2194000A7023 /* APIService.swift in Sources */,
				DE6AE09A1DFF0AF4000A7023 /* Customer.swift in Sources */,
				DE6AE0661DFEE720000A7023 /* ViewController.swift in Sources */,
				DE6AE09C1DFF0B1F000A7023 /* Driver.swift in Sources */,
				DE6AE0981DFEFAFF000A7023 /* BaseController.swift in Sources */,
				DE6AE0641DFEE720000A7023 /* AppDelegate.swift in Sources */,
			);
			runOnlyForDeploymentPostprocessing = 0;
		};
		DE6AE0701DFEE720000A7023 /* Sources */ = {
			isa = PBXSourcesBuildPhase;
			buildActionMask = 2147483647;
			files = (
				DE6AE0791DFEE720000A7023 /* CaraTests.swift in Sources */,
			);
			runOnlyForDeploymentPostprocessing = 0;
		};
		DE6AE07B1DFEE720000A7023 /* Sources */ = {
			isa = PBXSourcesBuildPhase;
			buildActionMask = 2147483647;
			files = (
				DE6AE0841DFEE720000A7023 /* CaraUITests.swift in Sources */,
			);
			runOnlyForDeploymentPostprocessing = 0;
		};
/* End PBXSourcesBuildPhase section */

/* Begin PBXTargetDependency section */
		DE6AE0761DFEE720000A7023 /* PBXTargetDependency */ = {
			isa = PBXTargetDependency;
			target = DE6AE05F1DFEE720000A7023 /* Cara */;
			targetProxy = DE6AE0751DFEE720000A7023 /* PBXContainerItemProxy */;
		};
		DE6AE0811DFEE720000A7023 /* PBXTargetDependency */ = {
			isa = PBXTargetDependency;
			target = DE6AE05F1DFEE720000A7023 /* Cara */;
			targetProxy = DE6AE0801DFEE720000A7023 /* PBXContainerItemProxy */;
		};
/* End PBXTargetDependency section */

/* Begin PBXVariantGroup section */
		DE6AE0671DFEE720000A7023 /* Main.storyboard */ = {
			isa = PBXVariantGroup;
			children = (
				DE6AE0681DFEE720000A7023 /* Base */,
			);
			name = Main.storyboard;
			sourceTree = "<group>";
		};
		DE6AE06C1DFEE720000A7023 /* LaunchScreen.storyboard */ = {
			isa = PBXVariantGroup;
			children = (
				DE6AE06D1DFEE720000A7023 /* Base */,
			);
			name = LaunchScreen.storyboard;
			sourceTree = "<group>";
		};
/* End PBXVariantGroup section */

/* Begin XCBuildConfiguration section */
		DE6AE0861DFEE720000A7023 /* Debug */ = {
			isa = XCBuildConfiguration;
			buildSettings = {
				ALWAYS_SEARCH_USER_PATHS = NO;
				CLANG_ANALYZER_NONNULL = YES;
				CLANG_CXX_LANGUAGE_STANDARD = "gnu++0x";
				CLANG_CXX_LIBRARY = "libc++";
				CLANG_ENABLE_MODULES = YES;
				CLANG_ENABLE_OBJC_ARC = YES;
				CLANG_WARN_BOOL_CONVERSION = YES;
				CLANG_WARN_CONSTANT_CONVERSION = YES;
				CLANG_WARN_DIRECT_OBJC_ISA_USAGE = YES_ERROR;
				CLANG_WARN_DOCUMENTATION_COMMENTS = YES;
				CLANG_WARN_EMPTY_BODY = YES;
				CLANG_WARN_ENUM_CONVERSION = YES;
				CLANG_WARN_INFINITE_RECURSION = YES;
				CLANG_WARN_INT_CONVERSION = YES;
				CLANG_WARN_OBJC_ROOT_CLASS = YES_ERROR;
				CLANG_WARN_SUSPICIOUS_MOVES = YES;
				CLANG_WARN_UNREACHABLE_CODE = YES;
				CLANG_WARN__DUPLICATE_METHOD_MATCH = YES;
				"CODE_SIGN_IDENTITY[sdk=iphoneos*]" = "iPhone Developer";
				COPY_PHASE_STRIP = NO;
				DEBUG_INFORMATION_FORMAT = dwarf;
				ENABLE_STRICT_OBJC_MSGSEND = YES;
				ENABLE_TESTABILITY = YES;
				GCC_C_LANGUAGE_STANDARD = gnu99;
				GCC_DYNAMIC_NO_PIC = NO;
				GCC_NO_COMMON_BLOCKS = YES;
				GCC_OPTIMIZATION_LEVEL = 0;
				GCC_PREPROCESSOR_DEFINITIONS = (
					"DEBUG=1",
					"$(inherited)",
				);
				GCC_WARN_64_TO_32_BIT_CONVERSION = YES;
				GCC_WARN_ABOUT_RETURN_TYPE = YES_ERROR;
				GCC_WARN_UNDECLARED_SELECTOR = YES;
				GCC_WARN_UNINITIALIZED_AUTOS = YES_AGGRESSIVE;
				GCC_WARN_UNUSED_FUNCTION = YES;
				GCC_WARN_UNUSED_VARIABLE = YES;
				IPHONEOS_DEPLOYMENT_TARGET = 10.1;
				MTL_ENABLE_DEBUG_INFO = YES;
				ONLY_ACTIVE_ARCH = YES;
				SDKROOT = iphoneos;
				SWIFT_ACTIVE_COMPILATION_CONDITIONS = DEBUG;
				SWIFT_OPTIMIZATION_LEVEL = "-Onone";
			};
			name = Debug;
		};
		DE6AE0871DFEE720000A7023 /* Release */ = {
			isa = XCBuildConfiguration;
			buildSettings = {
				ALWAYS_SEARCH_USER_PATHS = NO;
				CLANG_ANALYZER_NONNULL = YES;
				CLANG_CXX_LANGUAGE_STANDARD = "gnu++0x";
				CLANG_CXX_LIBRARY = "libc++";
				CLANG_ENABLE_MODULES = YES;
				CLANG_ENABLE_OBJC_ARC = YES;
				CLANG_WARN_BOOL_CONVERSION = YES;
				CLANG_WARN_CONSTANT_CONVERSION = YES;
				CLANG_WARN_DIRECT_OBJC_ISA_USAGE = YES_ERROR;
				CLANG_WARN_DOCUMENTATION_COMMENTS = YES;
				CLANG_WARN_EMPTY_BODY = YES;
				CLANG_WARN_ENUM_CONVERSION = YES;
				CLANG_WARN_INFINITE_RECURSION = YES;
				CLANG_WARN_INT_CONVERSION = YES;
				CLANG_WARN_OBJC_ROOT_CLASS = YES_ERROR;
				CLANG_WARN_SUSPICIOUS_MOVES = YES;
				CLANG_WARN_UNREACHABLE_CODE = YES;
				CLANG_WARN__DUPLICATE_METHOD_MATCH = YES;
				"CODE_SIGN_IDENTITY[sdk=iphoneos*]" = "iPhone Developer";
				COPY_PHASE_STRIP = NO;
				DEBUG_INFORMATION_FORMAT = "dwarf-with-dsym";
				ENABLE_NS_ASSERTIONS = NO;
				ENABLE_STRICT_OBJC_MSGSEND = YES;
				GCC_C_LANGUAGE_STANDARD = gnu99;
				GCC_NO_COMMON_BLOCKS = YES;
				GCC_WARN_64_TO_32_BIT_CONVERSION = YES;
				GCC_WARN_ABOUT_RETURN_TYPE = YES_ERROR;
				GCC_WARN_UNDECLARED_SELECTOR = YES;
				GCC_WARN_UNINITIALIZED_AUTOS = YES_AGGRESSIVE;
				GCC_WARN_UNUSED_FUNCTION = YES;
				GCC_WARN_UNUSED_VARIABLE = YES;
				IPHONEOS_DEPLOYMENT_TARGET = 10.1;
				MTL_ENABLE_DEBUG_INFO = NO;
				SDKROOT = iphoneos;
				SWIFT_OPTIMIZATION_LEVEL = "-Owholemodule";
				VALIDATE_PRODUCT = YES;
			};
			name = Release;
		};
		DE6AE0891DFEE720000A7023 /* Debug */ = {
			isa = XCBuildConfiguration;
			baseConfigurationReference = A00EB8CC2CD4B131A882E6E9 /* Pods-Cara.debug.xcconfig */;
			buildSettings = {
				ASSETCATALOG_COMPILER_APPICON_NAME = AppIcon;
				DEVELOPMENT_TEAM = KX5J3L9QPD;
				INFOPLIST_FILE = Cara/Info.plist;
				LD_RUNPATH_SEARCH_PATHS = "$(inherited) @executable_path/Frameworks";
				PRODUCT_BUNDLE_IDENTIFIER = com.nexxtapps.Cara;
				PRODUCT_NAME = "$(TARGET_NAME)";
				SWIFT_VERSION = 3.0;
			};
			name = Debug;
		};
		DE6AE08A1DFEE720000A7023 /* Release */ = {
			isa = XCBuildConfiguration;
			baseConfigurationReference = 8769B9526921A79F9A33B36D /* Pods-Cara.release.xcconfig */;
			buildSettings = {
				ASSETCATALOG_COMPILER_APPICON_NAME = AppIcon;
				DEVELOPMENT_TEAM = KX5J3L9QPD;
				INFOPLIST_FILE = Cara/Info.plist;
				LD_RUNPATH_SEARCH_PATHS = "$(inherited) @executable_path/Frameworks";
				PRODUCT_BUNDLE_IDENTIFIER = com.nexxtapps.Cara;
				PRODUCT_NAME = "$(TARGET_NAME)";
				SWIFT_VERSION = 3.0;
			};
			name = Release;
		};
		DE6AE08C1DFEE720000A7023 /* Debug */ = {
			isa = XCBuildConfiguration;
			baseConfigurationReference = 18A17C01335F2D175B3BA905 /* Pods-CaraTests.debug.xcconfig */;
			buildSettings = {
				ALWAYS_EMBED_SWIFT_STANDARD_LIBRARIES = YES;
				BUNDLE_LOADER = "$(TEST_HOST)";
				DEVELOPMENT_TEAM = KX5J3L9QPD;
				INFOPLIST_FILE = CaraTests/Info.plist;
				LD_RUNPATH_SEARCH_PATHS = "$(inherited) @executable_path/Frameworks @loader_path/Frameworks";
				PRODUCT_BUNDLE_IDENTIFIER = com.nexxtapps.CaraTests;
				PRODUCT_NAME = "$(TARGET_NAME)";
				SWIFT_VERSION = 3.0;
				TEST_HOST = "$(BUILT_PRODUCTS_DIR)/Cara.app/Cara";
			};
			name = Debug;
		};
		DE6AE08D1DFEE720000A7023 /* Release */ = {
			isa = XCBuildConfiguration;
			baseConfigurationReference = 02E26C81F3CC414C8A8FD5E7 /* Pods-CaraTests.release.xcconfig */;
			buildSettings = {
				ALWAYS_EMBED_SWIFT_STANDARD_LIBRARIES = YES;
				BUNDLE_LOADER = "$(TEST_HOST)";
				DEVELOPMENT_TEAM = KX5J3L9QPD;
				INFOPLIST_FILE = CaraTests/Info.plist;
				LD_RUNPATH_SEARCH_PATHS = "$(inherited) @executable_path/Frameworks @loader_path/Frameworks";
				PRODUCT_BUNDLE_IDENTIFIER = com.nexxtapps.CaraTests;
				PRODUCT_NAME = "$(TARGET_NAME)";
				SWIFT_VERSION = 3.0;
				TEST_HOST = "$(BUILT_PRODUCTS_DIR)/Cara.app/Cara";
			};
			name = Release;
		};
		DE6AE08F1DFEE720000A7023 /* Debug */ = {
			isa = XCBuildConfiguration;
			baseConfigurationReference = 8869AC72DACA58944F2EEA3C /* Pods-CaraUITests.debug.xcconfig */;
			buildSettings = {
				ALWAYS_EMBED_SWIFT_STANDARD_LIBRARIES = YES;
				DEVELOPMENT_TEAM = KX5J3L9QPD;
				INFOPLIST_FILE = CaraUITests/Info.plist;
				LD_RUNPATH_SEARCH_PATHS = "$(inherited) @executable_path/Frameworks @loader_path/Frameworks";
				PRODUCT_BUNDLE_IDENTIFIER = com.nexxtapps.CaraUITests;
				PRODUCT_NAME = "$(TARGET_NAME)";
				SWIFT_VERSION = 3.0;
				TEST_TARGET_NAME = Cara;
			};
			name = Debug;
		};
		DE6AE0901DFEE720000A7023 /* Release */ = {
			isa = XCBuildConfiguration;
			baseConfigurationReference = 23E339BB1CB619643A37BBCE /* Pods-CaraUITests.release.xcconfig */;
			buildSettings = {
				ALWAYS_EMBED_SWIFT_STANDARD_LIBRARIES = YES;
				DEVELOPMENT_TEAM = KX5J3L9QPD;
				INFOPLIST_FILE = CaraUITests/Info.plist;
				LD_RUNPATH_SEARCH_PATHS = "$(inherited) @executable_path/Frameworks @loader_path/Frameworks";
				PRODUCT_BUNDLE_IDENTIFIER = com.nexxtapps.CaraUITests;
				PRODUCT_NAME = "$(TARGET_NAME)";
				SWIFT_VERSION = 3.0;
				TEST_TARGET_NAME = Cara;
			};
			name = Release;
		};
/* End XCBuildConfiguration section */

/* Begin XCConfigurationList section */
		DE6AE05B1DFEE720000A7023 /* Build configuration list for PBXProject "Cara" */ = {
			isa = XCConfigurationList;
			buildConfigurations = (
				DE6AE0861DFEE720000A7023 /* Debug */,
				DE6AE0871DFEE720000A7023 /* Release */,
			);
			defaultConfigurationIsVisible = 0;
			defaultConfigurationName = Release;
		};
		DE6AE0881DFEE720000A7023 /* Build configuration list for PBXNativeTarget "Cara" */ = {
			isa = XCConfigurationList;
			buildConfigurations = (
				DE6AE0891DFEE720000A7023 /* Debug */,
				DE6AE08A1DFEE720000A7023 /* Release */,
			);
			defaultConfigurationIsVisible = 0;
			defaultConfigurationName = Release;
		};
		DE6AE08B1DFEE720000A7023 /* Build configuration list for PBXNativeTarget "CaraTests" */ = {
			isa = XCConfigurationList;
			buildConfigurations = (
				DE6AE08C1DFEE720000A7023 /* Debug */,
				DE6AE08D1DFEE720000A7023 /* Release */,
			);
			defaultConfigurationIsVisible = 0;
			defaultConfigurationName = Release;
		};
		DE6AE08E1DFEE720000A7023 /* Build configuration list for PBXNativeTarget "CaraUITests" */ = {
			isa = XCConfigurationList;
			buildConfigurations = (
				DE6AE08F1DFEE720000A7023 /* Debug */,
				DE6AE0901DFEE720000A7023 /* Release */,
			);
			defaultConfigurationIsVisible = 0;
			defaultConfigurationName = Release;
		};
/* End XCConfigurationList section */
	};
	rootObject = DE6AE0581DFEE720000A7023 /* Project object */;
}
